
Microsoft Visual Studio Solution File, Format Version 12.00
# Visual Studio Version 16
VisualStudioVersion = 16.0.30413.136
MinimumVisualStudioVersion = 10.0.40219.1
Project("{FAE04EC0-301F-11D3-BF4B-00C04F79EFBC}") = "WinForm", "WinForm\WinForm.csproj", "{415591B8-B06F-4AE5-B777-290101906623}"
EndProject
Project("{FAE04EC0-301F-11D3-BF4B-00C04F79EFBC}") = "ClassLibControl", "ClassLibControl\ClassLibControl.csproj", "{38475BFC-041F-49AC-8532-79D79DE92DEC}"
EndProject
Global
	GlobalSection(SolutionConfigurationPlatforms) = preSolution
		Debug|Any CPU = Debug|Any CPU
		Release|Any CPU = Release|Any CPU
	EndGlobalSection
	GlobalSection(ProjectConfigurationPlatforms) = postSolution
		{415591B8-B06F-4AE5-B777-290101906623}.Debug|Any CPU.ActiveCfg = Debug|Any CPU
		{415591B8-B06F-4AE5-B777-290101906623}.Debug|Any CPU.Build.0 = Debug|Any CPU
		{415591B8-B06F-4AE5-B777-290101906623}.Release|Any CPU.ActiveCfg = Release|Any CPU
		{415591B8-B06F-4AE5-B777-290101906623}.Release|Any CPU.Build.0 = Release|Any CPU
		{38475BFC-041F-49AC-8532-79D79DE92DEC}.Debug|Any CPU.ActiveCfg = Debug|Any CPU
		{38475BFC-041F-49AC-8532-79D79DE92DEC}.Debug|Any CPU.Build.0 = Debug|Any CPU
		{38475BFC-041F-49AC-8532-79D79DE92DEC}.Release|Any CPU.ActiveCfg = Release|Any CPU
		{38475BFC-041F-49AC-8532-79D79DE92DEC}.Release|Any CPU.Build.0 = Release|Any CPU
	EndGlobalSection
	GlobalSection(SolutionProperties) = preSolution
		HideSolutionNode = FALSE
	EndGlobalSection
	GlobalSection(ExtensibilityGlobals) = postSolution
		SolutionGuid = {A8F070A7-CA09-49F8-A0B1-B9C4665D3F26}
	EndGlobalSection
EndGlobal
